
Microsoft Visual Studio Solution File, Format Version 12.00
# Visual Studio Version 17
VisualStudioVersion = 17.11.35303.130
MinimumVisualStudioVersion = 10.0.40219.1
Project("{FAE04EC0-301F-11D3-BF4B-00C04F79EFBC}") = "ListLab", "ListLab\ListLab.csproj", "{AFEDEEC3-5563-4F2C-A991-12B50108185D}"
EndProject
Global
	GlobalSection(SolutionConfigurationPlatforms) = preSolution
		Debug|Any CPU = Debug|Any CPU
		Release|Any CPU = Release|Any CPU
	EndGlobalSection
	GlobalSection(ProjectConfigurationPlatforms) = postSolution
		{AFEDEEC3-5563-4F2C-A991-12B50108185D}.Debug|Any CPU.ActiveCfg = Debug|Any CPU
		{AFEDEEC3-5563-4F2C-A991-12B50108185D}.Debug|Any CPU.Build.0 = Debug|Any CPU
		{AFEDEEC3-5563-4F2C-A991-12B50108185D}.Release|Any CPU.ActiveCfg = Release|Any CPU
		{AFEDEEC3-5563-4F2C-A991-12B50108185D}.Release|Any CPU.Build.0 = Release|Any CPU
	EndGlobalSection
	GlobalSection(SolutionProperties) = preSolution
		HideSolutionNode = FALSE
	EndGlobalSection
	GlobalSection(ExtensibilityGlobals) = postSolution
		SolutionGuid = {9FA0FF85-AB96-47ED-A44E-C7DBCB96B870}
	EndGlobalSection
EndGlobal
